{
  "name": "Project-Fremen",
  "lockfileVersion": 3,
  "requires": true,
  "packages": {
    "": {
      "dependencies": {
        "claude": "^0.1.1",
        "herdr": "^0.0.0"
      }
    },
    "node_modules/claude": {
      "version": "0.1.1",
      "resolved": "https://registry.npmjs.org/claude/-/claude-0.1.1.tgz",
      "integrity": "sha512-j7oSibqQdIODNhkI1sEJzHMiPsF43L/GqNbcA+eDDyGM10+x2sH9NW/PK6vM3z0J2tLDKMBcc5ZjVaoRinhuCA==",
      "license": "ISC"
    },
    "node_modules/herdr": {
      "version": "0.0.0",
      "resolved": "https://registry.npmjs.org/herdr/-/herdr-0.0.0.tgz",
      "integrity": "sha512-c1w0s8QCU3pC+UG7YiujnIhD6HIf2oXeJC7J59gSQBsh5pvXZN/UxqgGPOWGUViY94W0lldk5beMFqq5xwUbmg==",
      "license": "AGPL-3.0-or-later"
    }
  }
}
